
Microsoft Visual Studio Solution File, Format Version 12.00
# Visual Studio Version 17
VisualStudioVersion = 17.4.33205.214
MinimumVisualStudioVersion = 10.0.40219.1
Project("{FAE04EC0-301F-11D3-BF4B-00C04F79EFBC}") = "Proyecto0008", "Proyecto0008.csproj", "{D67EE7AC-42DB-47E1-9DD8-02F33B7995EB}"
EndProject
Global
	GlobalSection(SolutionConfigurationPlatforms) = preSolution
		Debug|Any CPU = Debug|Any CPU
		Release|Any CPU = Release|Any CPU
	EndGlobalSection
	GlobalSection(ProjectConfigurationPlatforms) = postSolution
		{D67EE7AC-42DB-47E1-9DD8-02F33B7995EB}.Debug|Any CPU.ActiveCfg = Debug|Any CPU
		{D67EE7AC-42DB-47E1-9DD8-02F33B7995EB}.Debug|Any CPU.Build.0 = Debug|Any CPU
		{D67EE7AC-42DB-47E1-9DD8-02F33B7995EB}.Release|Any CPU.ActiveCfg = Release|Any CPU
		{D67EE7AC-42DB-47E1-9DD8-02F33B7995EB}.Release|Any CPU.Build.0 = Release|Any CPU
	EndGlobalSection
	GlobalSection(SolutionProperties) = preSolution
		HideSolutionNode = FALSE
	EndGlobalSection
	GlobalSection(ExtensibilityGlobals) = postSolution
		SolutionGuid = {CA27845D-41E6-43C5-8DC0-B25A4C9CC943}
	EndGlobalSection
EndGlobal
