
Microsoft Visual Studio Solution File, Format Version 12.00
# Visual Studio Version 17
VisualStudioVersion = 17.0.32014.148
MinimumVisualStudioVersion = 10.0.40219.1
Project("{FAE04EC0-301F-11D3-BF4B-00C04F79EFBC}") = "Proyecto0020", "Proyecto0020\Proyecto0020.csproj", "{398EC3AE-C829-4CBF-B522-12C965C81DC5}"
EndProject
Global
	GlobalSection(SolutionConfigurationPlatforms) = preSolution
		Debug|Any CPU = Debug|Any CPU
		Release|Any CPU = Release|Any CPU
	EndGlobalSection
	GlobalSection(ProjectConfigurationPlatforms) = postSolution
		{398EC3AE-C829-4CBF-B522-12C965C81DC5}.Debug|Any CPU.ActiveCfg = Debug|Any CPU
		{398EC3AE-C829-4CBF-B522-12C965C81DC5}.Debug|Any CPU.Build.0 = Debug|Any CPU
		{398EC3AE-C829-4CBF-B522-12C965C81DC5}.Release|Any CPU.ActiveCfg = Release|Any CPU
		{398EC3AE-C829-4CBF-B522-12C965C81DC5}.Release|Any CPU.Build.0 = Release|Any CPU
	EndGlobalSection
	GlobalSection(SolutionProperties) = preSolution
		HideSolutionNode = FALSE
	EndGlobalSection
	GlobalSection(ExtensibilityGlobals) = postSolution
		SolutionGuid = {FC4F311A-47FF-41F0-B6B2-20CF04B0BA06}
	EndGlobalSection
EndGlobal
