
Microsoft Visual Studio Solution File, Format Version 12.00
# Visual Studio Version 17
VisualStudioVersion = 17.0.32014.148
MinimumVisualStudioVersion = 10.0.40219.1
Project("{FAE04EC0-301F-11D3-BF4B-00C04F79EFBC}") = "Proyecto0016", "Proyecto0016\Proyecto0016.csproj", "{6BA3A855-6163-4BFD-A060-57B3F23DC67F}"
EndProject
Global
	GlobalSection(SolutionConfigurationPlatforms) = preSolution
		Debug|Any CPU = Debug|Any CPU
		Release|Any CPU = Release|Any CPU
	EndGlobalSection
	GlobalSection(ProjectConfigurationPlatforms) = postSolution
		{6BA3A855-6163-4BFD-A060-57B3F23DC67F}.Debug|Any CPU.ActiveCfg = Debug|Any CPU
		{6BA3A855-6163-4BFD-A060-57B3F23DC67F}.Debug|Any CPU.Build.0 = Debug|Any CPU
		{6BA3A855-6163-4BFD-A060-57B3F23DC67F}.Release|Any CPU.ActiveCfg = Release|Any CPU
		{6BA3A855-6163-4BFD-A060-57B3F23DC67F}.Release|Any CPU.Build.0 = Release|Any CPU
	EndGlobalSection
	GlobalSection(SolutionProperties) = preSolution
		HideSolutionNode = FALSE
	EndGlobalSection
	GlobalSection(ExtensibilityGlobals) = postSolution
		SolutionGuid = {788FF060-C8E9-4C55-A7C8-B683E6408E23}
	EndGlobalSection
EndGlobal
