
Microsoft Visual Studio Solution File, Format Version 12.00
# Visual Studio Version 17
VisualStudioVersion = 17.0.32014.148
MinimumVisualStudioVersion = 10.0.40219.1
Project("{FAE04EC0-301F-11D3-BF4B-00C04F79EFBC}") = "Proyecto0027", "Proyecto0027\Proyecto0027.csproj", "{B0D6CAA8-06DE-4BD9-A021-98100AECD91B}"
EndProject
Global
	GlobalSection(SolutionConfigurationPlatforms) = preSolution
		Debug|Any CPU = Debug|Any CPU
		Release|Any CPU = Release|Any CPU
	EndGlobalSection
	GlobalSection(ProjectConfigurationPlatforms) = postSolution
		{B0D6CAA8-06DE-4BD9-A021-98100AECD91B}.Debug|Any CPU.ActiveCfg = Debug|Any CPU
		{B0D6CAA8-06DE-4BD9-A021-98100AECD91B}.Debug|Any CPU.Build.0 = Debug|Any CPU
		{B0D6CAA8-06DE-4BD9-A021-98100AECD91B}.Release|Any CPU.ActiveCfg = Release|Any CPU
		{B0D6CAA8-06DE-4BD9-A021-98100AECD91B}.Release|Any CPU.Build.0 = Release|Any CPU
	EndGlobalSection
	GlobalSection(SolutionProperties) = preSolution
		HideSolutionNode = FALSE
	EndGlobalSection
	GlobalSection(ExtensibilityGlobals) = postSolution
		SolutionGuid = {57E5F877-A746-4DDE-AC0F-3790DE612F99}
	EndGlobalSection
EndGlobal
