
Microsoft Visual Studio Solution File, Format Version 12.00
# Visual Studio Version 17
VisualStudioVersion = 17.0.32014.148
MinimumVisualStudioVersion = 10.0.40219.1
Project("{FAE04EC0-301F-11D3-BF4B-00C04F79EFBC}") = "Proyecto0019", "Proyecto0019\Proyecto0019.csproj", "{464D5E76-AF83-4C5A-B148-21FBBA2F551B}"
EndProject
Global
	GlobalSection(SolutionConfigurationPlatforms) = preSolution
		Debug|Any CPU = Debug|Any CPU
		Release|Any CPU = Release|Any CPU
	EndGlobalSection
	GlobalSection(ProjectConfigurationPlatforms) = postSolution
		{464D5E76-AF83-4C5A-B148-21FBBA2F551B}.Debug|Any CPU.ActiveCfg = Debug|Any CPU
		{464D5E76-AF83-4C5A-B148-21FBBA2F551B}.Debug|Any CPU.Build.0 = Debug|Any CPU
		{464D5E76-AF83-4C5A-B148-21FBBA2F551B}.Release|Any CPU.ActiveCfg = Release|Any CPU
		{464D5E76-AF83-4C5A-B148-21FBBA2F551B}.Release|Any CPU.Build.0 = Release|Any CPU
	EndGlobalSection
	GlobalSection(SolutionProperties) = preSolution
		HideSolutionNode = FALSE
	EndGlobalSection
	GlobalSection(ExtensibilityGlobals) = postSolution
		SolutionGuid = {AE3DFC3F-526C-4D6A-8BB6-602CA25AF8FB}
	EndGlobalSection
EndGlobal
