
Microsoft Visual Studio Solution File, Format Version 12.00
# Visual Studio Version 17
VisualStudioVersion = 17.4.33205.214
MinimumVisualStudioVersion = 10.0.40219.1
Project("{FAE04EC0-301F-11D3-BF4B-00C04F79EFBC}") = "Proyecto0014", "Proyecto0014.csproj", "{4D070423-14DE-4D7B-AFEC-EAA3F0395C3B}"
EndProject
Global
	GlobalSection(SolutionConfigurationPlatforms) = preSolution
		Debug|Any CPU = Debug|Any CPU
		Release|Any CPU = Release|Any CPU
	EndGlobalSection
	GlobalSection(ProjectConfigurationPlatforms) = postSolution
		{4D070423-14DE-4D7B-AFEC-EAA3F0395C3B}.Debug|Any CPU.ActiveCfg = Debug|Any CPU
		{4D070423-14DE-4D7B-AFEC-EAA3F0395C3B}.Debug|Any CPU.Build.0 = Debug|Any CPU
		{4D070423-14DE-4D7B-AFEC-EAA3F0395C3B}.Release|Any CPU.ActiveCfg = Release|Any CPU
		{4D070423-14DE-4D7B-AFEC-EAA3F0395C3B}.Release|Any CPU.Build.0 = Release|Any CPU
	EndGlobalSection
	GlobalSection(SolutionProperties) = preSolution
		HideSolutionNode = FALSE
	EndGlobalSection
	GlobalSection(ExtensibilityGlobals) = postSolution
		SolutionGuid = {A7E90399-2ED0-4D22-8B9B-11F7FAA08D5F}
	EndGlobalSection
EndGlobal
